PODS:
  - EasyAttributedString (1.1.0)

DEPENDENCIES:
  - EasyAttributedString (from `../`)

EXTERNAL SOURCES:
  EasyAttributedString:
    :path: "../"

SPEC CHECKSUMS:
  EasyAttributedString: 225533b20e5db157222c825c6bacc94dd08140b9

PODFILE CHECKSUM: a1e926a73aa7dc212f416eaf4430d910a4a15fb2

COCOAPODS: 1.5.2
